
Microsoft Visual Studio Solution File, Format Version 12.00
# Visual Studio Version 17
VisualStudioVersion = 17.11.35327.3
MinimumVisualStudioVersion = 10.0.40219.1
Project("{9A19103F-16F7-4668-BE54-9A1E7A4F7556}") = "WMusic", "WMusic\WMusic.csproj", "{1A9A4793-F70F-40F1-88EB-18E166C545D4}"
EndProject
Global
	GlobalSection(SolutionConfigurationPlatforms) = preSolution
		Debug|Any CPU = Debug|Any CPU
		Release|Any CPU = Release|Any CPU
	EndGlobalSection
	GlobalSection(ProjectConfigurationPlatforms) = postSolution
		{1A9A4793-F70F-40F1-88EB-18E166C545D4}.Debug|Any CPU.ActiveCfg = Debug|Any CPU
		{1A9A4793-F70F-40F1-88EB-18E166C545D4}.Debug|Any CPU.Build.0 = Debug|Any CPU
		{1A9A4793-F70F-40F1-88EB-18E166C545D4}.Debug|Any CPU.Deploy.0 = Debug|Any CPU
		{1A9A4793-F70F-40F1-88EB-18E166C545D4}.Release|Any CPU.ActiveCfg = Release|Any CPU
		{1A9A4793-F70F-40F1-88EB-18E166C545D4}.Release|Any CPU.Build.0 = Release|Any CPU
		{1A9A4793-F70F-40F1-88EB-18E166C545D4}.Release|Any CPU.Deploy.0 = Release|Any CPU
	EndGlobalSection
	GlobalSection(SolutionProperties) = preSolution
		HideSolutionNode = FALSE
	EndGlobalSection
	GlobalSection(ExtensibilityGlobals) = postSolution
		SolutionGuid = {EB26F411-9F8B-4AA6-A1CA-D3AD67A984C1}
	EndGlobalSection
EndGlobal
